
Microsoft Visual Studio Solution File, Format Version 12.00
# Visual Studio Version 17
VisualStudioVersion = 17.14.36518.9
MinimumVisualStudioVersion = 10.0.40219.1
Project("{FAE04EC0-301F-11D3-BF4B-00C04F79EFBC}") = "Temp", "Temp.csproj", "{F081EE98-A031-4C51-9373-AF6D688E62E6}"
EndProject
Global
	GlobalSection(SolutionConfigurationPlatforms) = preSolution
		Debug|Any CPU = Debug|Any CPU
		Debug|x64 = Debug|x64
		Release|Any CPU = Release|Any CPU
		Release|x64 = Release|x64
	EndGlobalSection
	GlobalSection(ProjectConfigurationPlatforms) = postSolution
		{F081EE98-A031-4C51-9373-AF6D688E62E6}.Debug|Any CPU.ActiveCfg = Debug|Any CPU
		{F081EE98-A031-4C51-9373-AF6D688E62E6}.Debug|Any CPU.Build.0 = Debug|Any CPU
		{F081EE98-A031-4C51-9373-AF6D688E62E6}.Debug|x64.ActiveCfg = Debug|x64
		{F081EE98-A031-4C51-9373-AF6D688E62E6}.Debug|x64.Build.0 = Debug|x64
		{F081EE98-A031-4C51-9373-AF6D688E62E6}.Release|Any CPU.ActiveCfg = Release|Any CPU
		{F081EE98-A031-4C51-9373-AF6D688E62E6}.Release|Any CPU.Build.0 = Release|Any CPU
		{F081EE98-A031-4C51-9373-AF6D688E62E6}.Release|x64.ActiveCfg = Release|x64
		{F081EE98-A031-4C51-9373-AF6D688E62E6}.Release|x64.Build.0 = Release|x64
	EndGlobalSection
	GlobalSection(SolutionProperties) = preSolution
		HideSolutionNode = FALSE
	EndGlobalSection
	GlobalSection(ExtensibilityGlobals) = postSolution
		SolutionGuid = {CD5D0985-2E46-4EAD-A05C-514319112082}
	EndGlobalSection
EndGlobal
